lockfileVersion: '9.0'

importers:
  .:
    dependencies:
      '@acme/tool':
        specifier: ^2.0.0
        version: 2.1.0
    devDependencies:
      test-runner:
        specifier: ^3.0.0
        version: 3.0.0

packages:
  '@acme/tool@2.1.0':
    resolution:
      integrity: sha512-pnpm-tool
      tarball: https://registry.npmjs.org/@acme/tool/-/tool-2.1.0.tgz
    license: MIT
  left-pad@1.3.0:
    resolution: {integrity: sha512-pnpm-left-pad, tarball: https://registry.npmjs.org/left-pad/-/left-pad-1.3.0.tgz}
    license: WTFPL
  nested@1.0.1:
    resolution:
      integrity: sha512-pnpm-nested
      tarball: https://registry.npmjs.org/nested/-/nested-1.0.1.tgz
  test-runner@3.0.0:
    resolution:
      integrity: sha512-pnpm-test-runner
      tarball: https://registry.npmjs.org/test-runner/-/test-runner-3.0.0.tgz

snapshots:
  '@acme/tool@2.1.0':
    dependencies:
      left-pad: 1.3.0
      nested: 1.0.1
  left-pad@1.3.0: {}
  nested@1.0.1: {}
  test-runner@3.0.0: {}
