# This file is automatically @generated by Cargo and used here as a test fixture.
version = 3

[[package]]
name = "demo-crate"
version = "0.1.0"
dependencies = [
 "serde",
 "tokio 1.36.0",
]

[[package]]
name = "serde"
version = "1.0.197"
source = "registry+https://github.com/rust-lang/crates.io-index"
checksum = "fixture-serde"

[[package]]
name = "tokio"
version = "1.36.0"
source = "registry+https://github.com/rust-lang/crates.io-index"
checksum = "fixture-tokio"
dependencies = [
 "pin-project-lite",
]

[[package]]
name = "pin-project-lite"
version = "0.2.13"
source = "registry+https://github.com/rust-lang/crates.io-index"
checksum = "fixture-pin-project-lite"
