{
  "name": "demo-app",
  "version": "1.0.0",
  "lockfileVersion": 3,
  "requires": true,
  "packages": {
    "": {
      "name": "demo-app",
      "version": "1.0.0",
      "dependencies": {
        "@scope/tool": "^2.0.0",
        "left-pad": "^1.3.0"
      }
    },
    "node_modules/@scope/tool": {
      "version": "2.1.0",
      "resolved": "https://registry.npmjs.org/@scope/tool/-/tool-2.1.0.tgz",
      "integrity": "sha512-demo-tool",
      "license": "MIT",
      "dependencies": {
        "left-pad": "^1.3.0",
        "nested": "^1.0.0"
      }
    },
    "node_modules/@scope/tool/node_modules/nested": {
      "version": "1.0.1"
    },
    "node_modules/left-pad": {
      "version": "1.3.0",
      "resolved": "https://registry.npmjs.org/left-pad/-/left-pad-1.3.0.tgz",
      "integrity": "sha512-demo-left-pad",
      "license": "WTFPL"
    }
  }
}
