# This file is automatically @generated by Poetry and used here as a test fixture.

[[package]]
name = "demo-lib"
version = "1.0.0"
description = "Demo root-like library"
optional = false
python-versions = ">=3.11"
groups = ["main"]

[package.dependencies]
requests = ">=2.31.0,<3.0.0"

[[package]]
name = "requests"
version = "2.31.0"
description = "Python HTTP for Humans."
optional = false
python-versions = ">=3.7"
groups = ["main"]

[package.dependencies]
certifi = ">=2017.4.17"
urllib3 = ">=1.21.1,<3"

[[package]]
name = "certifi"
version = "2024.2.2"
description = "Python package for providing Mozilla's CA Bundle."
optional = false
python-versions = ">=3.6"
groups = ["main"]

[[package]]
name = "urllib3"
version = "2.2.1"
description = "HTTP library with thread-safe connection pooling."
optional = false
python-versions = ">=3.8"
groups = ["main"]

[metadata]
lock-version = "2.0"
python-versions = ">=3.11"
content-hash = "fixture"
